
Microsoft Visual Studio Solution File, Format Version 12.00
# Visual Studio Version 17
VisualStudioVersion = 17.1.32421.90
MinimumVisualStudioVersion = 10.0.40219.1
Project("{FAE04EC0-301F-11D3-BF4B-00C04F79EFBC}") = "FlowerShowerService", "FlowerShowerService\FlowerShowerService.csproj", "{2EBD801D-D56A-4D01-8243-2A6AECDF9A30}"
EndProject
Global
	GlobalSection(SolutionConfigurationPlatforms) = preSolution
		Debug|Any CPU = Debug|Any CPU
		Release|Any CPU = Release|Any CPU
	EndGlobalSection
	GlobalSection(ProjectConfigurationPlatforms) = postSolution
		{2EBD801D-D56A-4D01-8243-2A6AECDF9A30}.Debug|Any CPU.ActiveCfg = Debug|Any CPU
		{2EBD801D-D56A-4D01-8243-2A6AECDF9A30}.Debug|Any CPU.Build.0 = Debug|Any CPU
		{2EBD801D-D56A-4D01-8243-2A6AECDF9A30}.Release|Any CPU.ActiveCfg = Release|Any CPU
		{2EBD801D-D56A-4D01-8243-2A6AECDF9A30}.Release|Any CPU.Build.0 = Release|Any CPU
	EndGlobalSection
	GlobalSection(SolutionProperties) = preSolution
		HideSolutionNode = FALSE
	EndGlobalSection
	GlobalSection(ExtensibilityGlobals) = postSolution
		SolutionGuid = {4B10AC3E-2410-4EBA-AEB8-6CA831C5DC57}
	EndGlobalSection
EndGlobal
